{
  "lockfileVersion": 1,
  "configVersion": 0,
  "workspaces": {
    "": {
      "name": "dummy-pipeline",
      "dependencies": {
        "@abhi1705/xray-sdk": "link:@abhi1705/xray-sdk",
        "uuid": "^13.0.0",
      },
    },
  },
  "packages": {
    "@abhi1705/xray-sdk": ["@abhi1705/xray-sdk@link:@abhi1705/xray-sdk", {}],

    "uuid": ["uuid@13.0.0", "", { "bin": "dist-node/bin/uuid" }, "sha512-XQegIaBTVUjSHliKqcnFqYypAd4S+WCYt5NIeRs6w/UAry7z8Y9j5ZwRRL4kzq9U3sD6v+85er9FvkEaBpji2w=="],
  }
}
