{
  "name": "dummy-pipeline",
  "version": "1.0.0",
  "lockfileVersion": 3,
  "requires": true,
  "packages": {
    "": {
      "name": "dummy-pipeline",
      "version": "1.0.0",
      "license": "ISC",
      "dependencies": {
        "@abhi1705/xray-sdk": "^1.0.8",
        "uuid": "^13.0.0"
      }
    },
    "node_modules/@abhi1705/xray-sdk": {
      "version": "1.0.8",
      "resolved": "https://registry.npmjs.org/@abhi1705/xray-sdk/-/xray-sdk-1.0.8.tgz",
      "integrity": "sha512-r4gOsvYl/d1wUi6/4+FZci1OZmmQ04qcs9ryqZNBmzg/GbmcPw+VVZgl4XwvRf5weXF5KLla9ZZ9/9bV311PeQ==",
      "deprecated": "Package no longer supported. Contact Support at https://www.npmjs.com/support for more info.",
      "license": "ISC",
      "dependencies": {
        "dotenv": "^17.2.3"
      }
    },
    "node_modules/dotenv": {
      "version": "17.2.3",
      "resolved": "https://registry.npmjs.org/dotenv/-/dotenv-17.2.3.tgz",
      "integrity": "sha512-JVUnt+DUIzu87TABbhPmNfVdBDt18BLOWjMUFJMSi/Qqg7NTYtabbvSNJGOJ7afbRuv9D/lngizHtP7QyLQ+9w==",
      "license": "BSD-2-Clause",
      "engines": {
        "node": ">=12"
      },
      "funding": {
        "url": "https://dotenvx.com"
      }
    },
    "node_modules/uuid": {
      "version": "13.0.0",
      "resolved": "https://registry.npmjs.org/uuid/-/uuid-13.0.0.tgz",
      "integrity": "sha512-XQegIaBTVUjSHliKqcnFqYypAd4S+WCYt5NIeRs6w/UAry7z8Y9j5ZwRRL4kzq9U3sD6v+85er9FvkEaBpji2w==",
      "funding": [
        "https://github.com/sponsors/broofa",
        "https://github.com/sponsors/ctavan"
      ],
      "license": "MIT",
      "bin": {
        "uuid": "dist-node/bin/uuid"
      }
    }
  }
}
